
Microsoft Visual Studio Solution File, Format Version 12.00
# Visual Studio 15
VisualStudioVersion = 15.0.27428.2037
MinimumVisualStudioVersion = 10.0.40219.1
Project("{FAE04EC0-301F-11D3-BF4B-00C04F79EFBC}") = "Entidades", "Entidades\Entidades.csproj", "{80E73187-D576-4349-8F5E-ECE665913BCE}"
EndProject
Project("{FAE04EC0-301F-11D3-BF4B-00C04F79EFBC}") = "20180626-SP-Console", "20180626-SP-Console\20180626-SP-Console.csproj", "{3DDDA8F0-8B89-4086-8C09-8FEFACD44565}"
EndProject
Project("{FAE04EC0-301F-11D3-BF4B-00C04F79EFBC}") = "Excepciones", "Excepciones\Excepciones.csproj", "{1D878BA9-FB29-4740-B3C7-78C131F1B8C8}"
EndProject
Global
	GlobalSection(SolutionConfigurationPlatforms) = preSolution
		Debug|Any CPU = Debug|Any CPU
		Release|Any CPU = Release|Any CPU
	EndGlobalSection
	GlobalSection(ProjectConfigurationPlatforms) = postSolution
		{80E73187-D576-4349-8F5E-ECE665913BCE}.Debug|Any CPU.ActiveCfg = Debug|Any CPU
		{80E73187-D576-4349-8F5E-ECE665913BCE}.Debug|Any CPU.Build.0 = Debug|Any CPU
		{80E73187-D576-4349-8F5E-ECE665913BCE}.Release|Any CPU.ActiveCfg = Release|Any CPU
		{80E73187-D576-4349-8F5E-ECE665913BCE}.Release|Any CPU.Build.0 = Release|Any CPU
		{3DDDA8F0-8B89-4086-8C09-8FEFACD44565}.Debug|Any CPU.ActiveCfg = Debug|Any CPU
		{3DDDA8F0-8B89-4086-8C09-8FEFACD44565}.Debug|Any CPU.Build.0 = Debug|Any CPU
		{3DDDA8F0-8B89-4086-8C09-8FEFACD44565}.Release|Any CPU.ActiveCfg = Release|Any CPU
		{3DDDA8F0-8B89-4086-8C09-8FEFACD44565}.Release|Any CPU.Build.0 = Release|Any CPU
		{1D878BA9-FB29-4740-B3C7-78C131F1B8C8}.Debug|Any CPU.ActiveCfg = Debug|Any CPU
		{1D878BA9-FB29-4740-B3C7-78C131F1B8C8}.Debug|Any CPU.Build.0 = Debug|Any CPU
		{1D878BA9-FB29-4740-B3C7-78C131F1B8C8}.Release|Any CPU.ActiveCfg = Release|Any CPU
		{1D878BA9-FB29-4740-B3C7-78C131F1B8C8}.Release|Any CPU.Build.0 = Release|Any CPU
	EndGlobalSection
	GlobalSection(SolutionProperties) = preSolution
		HideSolutionNode = FALSE
	EndGlobalSection
	GlobalSection(ExtensibilityGlobals) = postSolution
		SolutionGuid = {A273060F-85F8-4B4E-8E1E-2A9DF9314FC6}
	EndGlobalSection
EndGlobal
